Microsoft Visual Studio Solution File, Format Version 12.00
# Visual Studio Version 17
VisualStudioVersion = 17.5.2.0
MinimumVisualStudioVersion = 10.0.40219.1
Project("{FAE04EC0-301F-11D3-BF4B-00C04F79EFBC}") = "bismuthIDE", "bismuthIDE.csproj", "{B10871FF-DCE7-33A7-D406-C9E282019486}"
EndProject
Global
	GlobalSection(SolutionConfigurationPlatforms) = preSolution
		Debug|Any CPU = Debug|Any CPU
		Release|Any CPU = Release|Any CPU
	EndGlobalSection
	GlobalSection(ProjectConfigurationPlatforms) = postSolution
		{B10871FF-DCE7-33A7-D406-C9E282019486}.Debug|Any CPU.ActiveCfg = Debug|Any CPU
		{B10871FF-DCE7-33A7-D406-C9E282019486}.Debug|Any CPU.Build.0 = Debug|Any CPU
		{B10871FF-DCE7-33A7-D406-C9E282019486}.Release|Any CPU.ActiveCfg = Release|Any CPU
		{B10871FF-DCE7-33A7-D406-C9E282019486}.Release|Any CPU.Build.0 = Release|Any CPU
	EndGlobalSection
	GlobalSection(SolutionProperties) = preSolution
		HideSolutionNode = FALSE
	EndGlobalSection
	GlobalSection(ExtensibilityGlobals) = postSolution
		SolutionGuid = {DABD003E-A941-40E2-9E1E-56B470A27B27}
	EndGlobalSection
EndGlobal
